Microsoft Visual Studio Solution File, Format Version 12.00
# Visual Studio Version 17
VisualStudioVersion = 17.5.2.0
MinimumVisualStudioVersion = 10.0.40219.1
Project("{FAE04EC0-301F-11D3-BF4B-00C04F79EFBC}") = "TestLamaWithDocker", "TestLamaWithDocker.csproj", "{A0EC4DFD-69AF-F10F-662D-96EE3EA5A796}"
EndProject
Global
	GlobalSection(SolutionConfigurationPlatforms) = preSolution
		Debug|Any CPU = Debug|Any CPU
		Release|Any CPU = Release|Any CPU
	EndGlobalSection
	GlobalSection(ProjectConfigurationPlatforms) = postSolution
		{A0EC4DFD-69AF-F10F-662D-96EE3EA5A796}.Debug|Any CPU.ActiveCfg = Debug|Any CPU
		{A0EC4DFD-69AF-F10F-662D-96EE3EA5A796}.Debug|Any CPU.Build.0 = Debug|Any CPU
		{A0EC4DFD-69AF-F10F-662D-96EE3EA5A796}.Release|Any CPU.ActiveCfg = Release|Any CPU
		{A0EC4DFD-69AF-F10F-662D-96EE3EA5A796}.Release|Any CPU.Build.0 = Release|Any CPU
	EndGlobalSection
	GlobalSection(SolutionProperties) = preSolution
		HideSolutionNode = FALSE
	EndGlobalSection
	GlobalSection(ExtensibilityGlobals) = postSolution
		SolutionGuid = {0CAC9728-BFD8-472B-97BD-76F4A0E78A92}
	EndGlobalSection
EndGlobal
